
Microsoft Visual Studio Solution File, Format Version 12.00
# Visual Studio Version 16
VisualStudioVersion = 16.0.29911.84
MinimumVisualStudioVersion = 10.0.40219.1
Project("{9A19103F-16F7-4668-BE54-9A1E7A4F7556}") = "Chess", "Chess\Chess.csproj", "{A6020B7B-75D5-4377-9AA5-A6857AE146E7}"
EndProject
Project("{FAE04EC0-301F-11D3-BF4B-00C04F79EFBC}") = "WpfChess", "WpfChess\WpfChess.csproj", "{88532F08-C20D-49C1-ADDE-9CCD7D18243D}"
EndProject
Project("{FAE04EC0-301F-11D3-BF4B-00C04F79EFBC}") = "FigLib", "FigLib\FigLib.csproj", "{303E432C-7B6D-45A8-8B3D-3601F058F255}"
EndProject
Global
	GlobalSection(SolutionConfigurationPlatforms) = preSolution
		Debug|Any CPU = Debug|Any CPU
		Release|Any CPU = Release|Any CPU
	EndGlobalSection
	GlobalSection(ProjectConfigurationPlatforms) = postSolution
		{A6020B7B-75D5-4377-9AA5-A6857AE146E7}.Debug|Any CPU.ActiveCfg = Debug|Any CPU
		{A6020B7B-75D5-4377-9AA5-A6857AE146E7}.Debug|Any CPU.Build.0 = Debug|Any CPU
		{A6020B7B-75D5-4377-9AA5-A6857AE146E7}.Release|Any CPU.ActiveCfg = Release|Any CPU
		{A6020B7B-75D5-4377-9AA5-A6857AE146E7}.Release|Any CPU.Build.0 = Release|Any CPU
		{88532F08-C20D-49C1-ADDE-9CCD7D18243D}.Debug|Any CPU.ActiveCfg = Debug|Any CPU
		{88532F08-C20D-49C1-ADDE-9CCD7D18243D}.Debug|Any CPU.Build.0 = Debug|Any CPU
		{88532F08-C20D-49C1-ADDE-9CCD7D18243D}.Release|Any CPU.ActiveCfg = Release|Any CPU
		{88532F08-C20D-49C1-ADDE-9CCD7D18243D}.Release|Any CPU.Build.0 = Release|Any CPU
		{303E432C-7B6D-45A8-8B3D-3601F058F255}.Debug|Any CPU.ActiveCfg = Debug|Any CPU
		{303E432C-7B6D-45A8-8B3D-3601F058F255}.Debug|Any CPU.Build.0 = Debug|Any CPU
		{303E432C-7B6D-45A8-8B3D-3601F058F255}.Release|Any CPU.ActiveCfg = Release|Any CPU
		{303E432C-7B6D-45A8-8B3D-3601F058F255}.Release|Any CPU.Build.0 = Release|Any CPU
	EndGlobalSection
	GlobalSection(SolutionProperties) = preSolution
		HideSolutionNode = FALSE
	EndGlobalSection
	GlobalSection(ExtensibilityGlobals) = postSolution
		SolutionGuid = {B529863F-61EE-4AE6-AE60-AD71CAD029B7}
	EndGlobalSection
EndGlobal
